
Microsoft Visual Studio Solution File, Format Version 12.00
# Visual Studio Version 17
VisualStudioVersion = 17.1.32228.430
MinimumVisualStudioVersion = 15.0.26124.0
Project("{2150E333-8FDC-42A3-9474-1A3956D46DE8}") = "src", "src", "{082E81FE-8C5D-42F0-A547-F0C57C43F9DA}"
EndProject
Project("{9A19103F-16F7-4668-BE54-9A1E7A4F7556}") = "AsefileSharp", "src\AsefileSharp\AsefileSharp.csproj", "{B7FAE14F-0366-41D4-A2E0-4B4A5273F2D7}"
EndProject
Project("{9A19103F-16F7-4668-BE54-9A1E7A4F7556}") = "AsefileSharp.Unity", "src\AsefileSharp.Unity\AsefileSharp.Unity.csproj", "{B00C4208-3965-48C7-AC1E-8AE7E569439E}"
EndProject
Project("{9A19103F-16F7-4668-BE54-9A1E7A4F7556}") = "AsefileSharp.NetCore", "src\AsefileSharp.NetCore\AsefileSharp.NetCore.csproj", "{E9CD4847-909D-42F1-8016-A118EC7090FF}"
EndProject
Project("{9A19103F-16F7-4668-BE54-9A1E7A4F7556}") = "RimlightMaker", "tests\integration\apps\rimlight\RimlightMaker\RimlightMaker\RimlightMaker.csproj", "{E9AD1274-DC63-463B-B673-7D838D339083}"
EndProject
Project("{2150E333-8FDC-42A3-9474-1A3956D46DE8}") = "tests", "tests", "{717BBFCE-133D-4F0F-9EB2-69AC49510700}"
EndProject
Project("{9A19103F-16F7-4668-BE54-9A1E7A4F7556}") = "AsefileSharp.Unity.Tests", "tests\unit\AsefileSharp.Unity.Tests\AsefileSharp.Unity.Tests\AsefileSharp.Unity.Tests.csproj", "{4F94B143-3B6F-4264-9957-36606B841099}"
EndProject
Project("{FAE04EC0-301F-11D3-BF4B-00C04F79EFBC}") = "AseFileSharp.Tests", "tests\unit\AseFileSharp.Tests\AseFileSharp.Tests.csproj", "{0E87F2D1-418D-469D-9FE0-44AD817DA4F0}"
EndProject
Project("{FAE04EC0-301F-11D3-BF4B-00C04F79EFBC}") = "AsefileSharp.IntegrationTests", "tests\integration\AsefileSharp.IntegrationTests\AsefileSharp.IntegrationTests.csproj", "{6A422E4E-CF45-4762-B0FB-D347AE0BA5B8}"
EndProject
Project("{2150E333-8FDC-42A3-9474-1A3956D46DE8}") = "resources", "resources", "{B736341B-0806-4BAD-9E7A-BBA09270BA4A}"
EndProject
Global
	GlobalSection(SolutionConfigurationPlatforms) = preSolution
		Debug|Any CPU = Debug|Any CPU
		Debug|x64 = Debug|x64
		Debug|x86 = Debug|x86
		Release|Any CPU = Release|Any CPU
		Release|x64 = Release|x64
		Release|x86 = Release|x86
	EndGlobalSection
	GlobalSection(ProjectConfigurationPlatforms) = postSolution
		{B7FAE14F-0366-41D4-A2E0-4B4A5273F2D7}.Debug|Any CPU.ActiveCfg = Debug|Any CPU
		{B7FAE14F-0366-41D4-A2E0-4B4A5273F2D7}.Debug|Any CPU.Build.0 = Debug|Any CPU
		{B7FAE14F-0366-41D4-A2E0-4B4A5273F2D7}.Debug|x64.ActiveCfg = Debug|Any CPU
		{B7FAE14F-0366-41D4-A2E0-4B4A5273F2D7}.Debug|x64.Build.0 = Debug|Any CPU
		{B7FAE14F-0366-41D4-A2E0-4B4A5273F2D7}.Debug|x86.ActiveCfg = Debug|Any CPU
		{B7FAE14F-0366-41D4-A2E0-4B4A5273F2D7}.Debug|x86.Build.0 = Debug|Any CPU
		{B7FAE14F-0366-41D4-A2E0-4B4A5273F2D7}.Release|Any CPU.ActiveCfg = Release|Any CPU
		{B7FAE14F-0366-41D4-A2E0-4B4A5273F2D7}.Release|Any CPU.Build.0 = Release|Any CPU
		{B7FAE14F-0366-41D4-A2E0-4B4A5273F2D7}.Release|x64.ActiveCfg = Release|Any CPU
		{B7FAE14F-0366-41D4-A2E0-4B4A5273F2D7}.Release|x64.Build.0 = Release|Any CPU
		{B7FAE14F-0366-41D4-A2E0-4B4A5273F2D7}.Release|x86.ActiveCfg = Release|Any CPU
		{B7FAE14F-0366-41D4-A2E0-4B4A5273F2D7}.Release|x86.Build.0 = Release|Any CPU
		{B00C4208-3965-48C7-AC1E-8AE7E569439E}.Debug|Any CPU.ActiveCfg = Debug|Any CPU
		{B00C4208-3965-48C7-AC1E-8AE7E569439E}.Debug|Any CPU.Build.0 = Debug|Any CPU
		{B00C4208-3965-48C7-AC1E-8AE7E569439E}.Debug|x64.ActiveCfg = Debug|Any CPU
		{B00C4208-3965-48C7-AC1E-8AE7E569439E}.Debug|x64.Build.0 = Debug|Any CPU
		{B00C4208-3965-48C7-AC1E-8AE7E569439E}.Debug|x86.ActiveCfg = Debug|Any CPU
		{B00C4208-3965-48C7-AC1E-8AE7E569439E}.Debug|x86.Build.0 = Debug|Any CPU
		{B00C4208-3965-48C7-AC1E-8AE7E569439E}.Release|Any CPU.ActiveCfg = Release|Any CPU
		{B00C4208-3965-48C7-AC1E-8AE7E569439E}.Release|Any CPU.Build.0 = Release|Any CPU
		{B00C4208-3965-48C7-AC1E-8AE7E569439E}.Release|x64.ActiveCfg = Release|Any CPU
		{B00C4208-3965-48C7-AC1E-8AE7E569439E}.Release|x64.Build.0 = Release|Any CPU
		{B00C4208-3965-48C7-AC1E-8AE7E569439E}.Release|x86.ActiveCfg = Release|Any CPU
		{B00C4208-3965-48C7-AC1E-8AE7E569439E}.Release|x86.Build.0 = Release|Any CPU
		{E9CD4847-909D-42F1-8016-A118EC7090FF}.Debug|Any CPU.ActiveCfg = Debug|Any CPU
		{E9CD4847-909D-42F1-8016-A118EC7090FF}.Debug|Any CPU.Build.0 = Debug|Any CPU
		{E9CD4847-909D-42F1-8016-A118EC7090FF}.Debug|x64.ActiveCfg = Debug|Any CPU
		{E9CD4847-909D-42F1-8016-A118EC7090FF}.Debug|x64.Build.0 = Debug|Any CPU
		{E9CD4847-909D-42F1-8016-A118EC7090FF}.Debug|x86.ActiveCfg = Debug|Any CPU
		{E9CD4847-909D-42F1-8016-A118EC7090FF}.Debug|x86.Build.0 = Debug|Any CPU
		{E9CD4847-909D-42F1-8016-A118EC7090FF}.Release|Any CPU.ActiveCfg = Release|Any CPU
		{E9CD4847-909D-42F1-8016-A118EC7090FF}.Release|Any CPU.Build.0 = Release|Any CPU
		{E9CD4847-909D-42F1-8016-A118EC7090FF}.Release|x64.ActiveCfg = Release|Any CPU
		{E9CD4847-909D-42F1-8016-A118EC7090FF}.Release|x64.Build.0 = Release|Any CPU
		{E9CD4847-909D-42F1-8016-A118EC7090FF}.Release|x86.ActiveCfg = Release|Any CPU
		{E9CD4847-909D-42F1-8016-A118EC7090FF}.Release|x86.Build.0 = Release|Any CPU
		{E9AD1274-DC63-463B-B673-7D838D339083}.Debug|Any CPU.ActiveCfg = Debug|Any CPU
		{E9AD1274-DC63-463B-B673-7D838D339083}.Debug|Any CPU.Build.0 = Debug|Any CPU
		{E9AD1274-DC63-463B-B673-7D838D339083}.Debug|x64.ActiveCfg = Debug|Any CPU
		{E9AD1274-DC63-463B-B673-7D838D339083}.Debug|x64.Build.0 = Debug|Any CPU
		{E9AD1274-DC63-463B-B673-7D838D339083}.Debug|x86.ActiveCfg = Debug|Any CPU
		{E9AD1274-DC63-463B-B673-7D838D339083}.Debug|x86.Build.0 = Debug|Any CPU
		{E9AD1274-DC63-463B-B673-7D838D339083}.Release|Any CPU.ActiveCfg = Release|Any CPU
		{E9AD1274-DC63-463B-B673-7D838D339083}.Release|Any CPU.Build.0 = Release|Any CPU
		{E9AD1274-DC63-463B-B673-7D838D339083}.Release|x64.ActiveCfg = Release|Any CPU
		{E9AD1274-DC63-463B-B673-7D838D339083}.Release|x64.Build.0 = Release|Any CPU
		{E9AD1274-DC63-463B-B673-7D838D339083}.Release|x86.ActiveCfg = Release|Any CPU
		{E9AD1274-DC63-463B-B673-7D838D339083}.Release|x86.Build.0 = Release|Any CPU
		{4F94B143-3B6F-4264-9957-36606B841099}.Debug|Any CPU.ActiveCfg = Debug|Any CPU
		{4F94B143-3B6F-4264-9957-36606B841099}.Debug|Any CPU.Build.0 = Debug|Any CPU
		{4F94B143-3B6F-4264-9957-36606B841099}.Debug|x64.ActiveCfg = Debug|Any CPU
		{4F94B143-3B6F-4264-9957-36606B841099}.Debug|x64.Build.0 = Debug|Any CPU
		{4F94B143-3B6F-4264-9957-36606B841099}.Debug|x86.ActiveCfg = Debug|Any CPU
		{4F94B143-3B6F-4264-9957-36606B841099}.Debug|x86.Build.0 = Debug|Any CPU
		{4F94B143-3B6F-4264-9957-36606B841099}.Release|Any CPU.ActiveCfg = Release|Any CPU
		{4F94B143-3B6F-4264-9957-36606B841099}.Release|Any CPU.Build.0 = Release|Any CPU
		{4F94B143-3B6F-4264-9957-36606B841099}.Release|x64.ActiveCfg = Release|Any CPU
		{4F94B143-3B6F-4264-9957-36606B841099}.Release|x64.Build.0 = Release|Any CPU
		{4F94B143-3B6F-4264-9957-36606B841099}.Release|x86.ActiveCfg = Release|Any CPU
		{4F94B143-3B6F-4264-9957-36606B841099}.Release|x86.Build.0 = Release|Any CPU
		{0E87F2D1-418D-469D-9FE0-44AD817DA4F0}.Debug|Any CPU.ActiveCfg = Debug|Any CPU
		{0E87F2D1-418D-469D-9FE0-44AD817DA4F0}.Debug|Any CPU.Build.0 = Debug|Any CPU
		{0E87F2D1-418D-469D-9FE0-44AD817DA4F0}.Debug|x64.ActiveCfg = Debug|Any CPU
		{0E87F2D1-418D-469D-9FE0-44AD817DA4F0}.Debug|x64.Build.0 = Debug|Any CPU
		{0E87F2D1-418D-469D-9FE0-44AD817DA4F0}.Debug|x86.ActiveCfg = Debug|Any CPU
		{0E87F2D1-418D-469D-9FE0-44AD817DA4F0}.Debug|x86.Build.0 = Debug|Any CPU
		{0E87F2D1-418D-469D-9FE0-44AD817DA4F0}.Release|Any CPU.ActiveCfg = Release|Any CPU
		{0E87F2D1-418D-469D-9FE0-44AD817DA4F0}.Release|Any CPU.Build.0 = Release|Any CPU
		{0E87F2D1-418D-469D-9FE0-44AD817DA4F0}.Release|x64.ActiveCfg = Release|Any CPU
		{0E87F2D1-418D-469D-9FE0-44AD817DA4F0}.Release|x64.Build.0 = Release|Any CPU
		{0E87F2D1-418D-469D-9FE0-44AD817DA4F0}.Release|x86.ActiveCfg = Release|Any CPU
		{0E87F2D1-418D-469D-9FE0-44AD817DA4F0}.Release|x86.Build.0 = Release|Any CPU
		{6A422E4E-CF45-4762-B0FB-D347AE0BA5B8}.Debug|Any CPU.ActiveCfg = Debug|Any CPU
		{6A422E4E-CF45-4762-B0FB-D347AE0BA5B8}.Debug|Any CPU.Build.0 = Debug|Any CPU
		{6A422E4E-CF45-4762-B0FB-D347AE0BA5B8}.Debug|x64.ActiveCfg = Debug|Any CPU
		{6A422E4E-CF45-4762-B0FB-D347AE0BA5B8}.Debug|x64.Build.0 = Debug|Any CPU
		{6A422E4E-CF45-4762-B0FB-D347AE0BA5B8}.Debug|x86.ActiveCfg = Debug|Any CPU
		{6A422E4E-CF45-4762-B0FB-D347AE0BA5B8}.Debug|x86.Build.0 = Debug|Any CPU
		{6A422E4E-CF45-4762-B0FB-D347AE0BA5B8}.Release|Any CPU.ActiveCfg = Release|Any CPU
		{6A422E4E-CF45-4762-B0FB-D347AE0BA5B8}.Release|Any CPU.Build.0 = Release|Any CPU
		{6A422E4E-CF45-4762-B0FB-D347AE0BA5B8}.Release|x64.ActiveCfg = Release|Any CPU
		{6A422E4E-CF45-4762-B0FB-D347AE0BA5B8}.Release|x64.Build.0 = Release|Any CPU
		{6A422E4E-CF45-4762-B0FB-D347AE0BA5B8}.Release|x86.ActiveCfg = Release|Any CPU
		{6A422E4E-CF45-4762-B0FB-D347AE0BA5B8}.Release|x86.Build.0 = Release|Any CPU
	EndGlobalSection
	GlobalSection(SolutionProperties) = preSolution
		HideSolutionNode = FALSE
	EndGlobalSection
	GlobalSection(NestedProjects) = preSolution
		{B7FAE14F-0366-41D4-A2E0-4B4A5273F2D7} = {082E81FE-8C5D-42F0-A547-F0C57C43F9DA}
		{B00C4208-3965-48C7-AC1E-8AE7E569439E} = {082E81FE-8C5D-42F0-A547-F0C57C43F9DA}
		{E9CD4847-909D-42F1-8016-A118EC7090FF} = {082E81FE-8C5D-42F0-A547-F0C57C43F9DA}
		{E9AD1274-DC63-463B-B673-7D838D339083} = {717BBFCE-133D-4F0F-9EB2-69AC49510700}
		{4F94B143-3B6F-4264-9957-36606B841099} = {717BBFCE-133D-4F0F-9EB2-69AC49510700}
		{0E87F2D1-418D-469D-9FE0-44AD817DA4F0} = {717BBFCE-133D-4F0F-9EB2-69AC49510700}
		{6A422E4E-CF45-4762-B0FB-D347AE0BA5B8} = {717BBFCE-133D-4F0F-9EB2-69AC49510700}
		{B736341B-0806-4BAD-9E7A-BBA09270BA4A} = {717BBFCE-133D-4F0F-9EB2-69AC49510700}
	EndGlobalSection
	GlobalSection(ExtensibilityGlobals) = postSolution
		SolutionGuid = {E38D188B-4177-4DDC-8F58-0767693E540F}
	EndGlobalSection
EndGlobal
